
Microsoft Visual Studio Solution File, Format Version 12.00
# Visual Studio Version 17
VisualStudioVersion = 17.11.35208.52
MinimumVisualStudioVersion = 10.0.40219.1
Project("{FAE04EC0-301F-11D3-BF4B-00C04F79EFBC}") = "ForegroundBackgroundDemo", "ForegroundBackgroundDemo.csproj", "{9558EF60-D83B-4162-B76C-F12FDB0D82C0}"
EndProject
Global
	GlobalSection(SolutionConfigurationPlatforms) = preSolution
		Debug|Any CPU = Debug|Any CPU
		Release|Any CPU = Release|Any CPU
	EndGlobalSection
	GlobalSection(ProjectConfigurationPlatforms) = postSolution
		{9558EF60-D83B-4162-B76C-F12FDB0D82C0}.Debug|Any CPU.ActiveCfg = Debug|Any CPU
		{9558EF60-D83B-4162-B76C-F12FDB0D82C0}.Debug|Any CPU.Build.0 = Debug|Any CPU
		{9558EF60-D83B-4162-B76C-F12FDB0D82C0}.Release|Any CPU.ActiveCfg = Release|Any CPU
		{9558EF60-D83B-4162-B76C-F12FDB0D82C0}.Release|Any CPU.Build.0 = Release|Any CPU
	EndGlobalSection
	GlobalSection(SolutionProperties) = preSolution
		HideSolutionNode = FALSE
	EndGlobalSection
	GlobalSection(ExtensibilityGlobals) = postSolution
		SolutionGuid = {7A7A55D7-F5EA-4442-9C19-BE09F248C57E}
	EndGlobalSection
EndGlobal
