
Microsoft Visual Studio Solution File, Format Version 12.00
# Visual Studio Version 17
VisualStudioVersion = 17.11.35208.52
MinimumVisualStudioVersion = 10.0.40219.1
Project("{FAE04EC0-301F-11D3-BF4B-00C04F79EFBC}") = "NumberTableClientServer-Client", "NumberTableClientServer-Client.csproj", "{1C3CB5BD-04B4-480C-895E-430B19C62C99}"
EndProject
Global
	GlobalSection(SolutionConfigurationPlatforms) = preSolution
		Debug|Any CPU = Debug|Any CPU
		Release|Any CPU = Release|Any CPU
	EndGlobalSection
	GlobalSection(ProjectConfigurationPlatforms) = postSolution
		{1C3CB5BD-04B4-480C-895E-430B19C62C99}.Debug|Any CPU.ActiveCfg = Debug|Any CPU
		{1C3CB5BD-04B4-480C-895E-430B19C62C99}.Debug|Any CPU.Build.0 = Debug|Any CPU
		{1C3CB5BD-04B4-480C-895E-430B19C62C99}.Release|Any CPU.ActiveCfg = Release|Any CPU
		{1C3CB5BD-04B4-480C-895E-430B19C62C99}.Release|Any CPU.Build.0 = Release|Any CPU
	EndGlobalSection
	GlobalSection(SolutionProperties) = preSolution
		HideSolutionNode = FALSE
	EndGlobalSection
	GlobalSection(ExtensibilityGlobals) = postSolution
		SolutionGuid = {64C35E93-CA56-4F41-BC34-1BEE6E49305E}
	EndGlobalSection
EndGlobal
